
Microsoft Visual Studio Solution File, Format Version 12.00
# Visual Studio 15
VisualStudioVersion = 15.0.27428.2043
MinimumVisualStudioVersion = 10.0.40219.1
Project("{8BC9CEB8-8B4A-11D0-8D11-00A0C91BC942}") = "swigged-cuda-native", "swigged-cuda-native.vcxproj", "{28159184-D97E-4A6C-8AD1-253DC15640C4}"
EndProject
Project("{8BC9CEB8-8B4A-11D0-8D11-00A0C91BC942}") = "new-swigged-cuda-native", "new-swigged-cuda-native.vcxproj", "{3816E6B2-FC7B-4846-987C-7F770357CE27}"
EndProject
Global
	GlobalSection(SolutionConfigurationPlatforms) = preSolution
		Debug|ARM = Debug|ARM
		Debug|x64 = Debug|x64
		Debug|x86 = Debug|x86
		Release|ARM = Release|ARM
		Release|x64 = Release|x64
		Release|x86 = Release|x86
	EndGlobalSection
	GlobalSection(ProjectConfigurationPlatforms) = postSolution
		{28159184-D97E-4A6C-8AD1-253DC15640C4}.Debug|ARM.ActiveCfg = Debug|Win32
		{28159184-D97E-4A6C-8AD1-253DC15640C4}.Debug|x64.ActiveCfg = Debug|x64
		{28159184-D97E-4A6C-8AD1-253DC15640C4}.Debug|x64.Build.0 = Debug|x64
		{28159184-D97E-4A6C-8AD1-253DC15640C4}.Debug|x86.ActiveCfg = Debug|Win32
		{28159184-D97E-4A6C-8AD1-253DC15640C4}.Debug|x86.Build.0 = Debug|Win32
		{28159184-D97E-4A6C-8AD1-253DC15640C4}.Release|ARM.ActiveCfg = Release|Win32
		{28159184-D97E-4A6C-8AD1-253DC15640C4}.Release|x64.ActiveCfg = Release|x64
		{28159184-D97E-4A6C-8AD1-253DC15640C4}.Release|x64.Build.0 = Release|x64
		{28159184-D97E-4A6C-8AD1-253DC15640C4}.Release|x86.ActiveCfg = Release|Win32
		{28159184-D97E-4A6C-8AD1-253DC15640C4}.Release|x86.Build.0 = Release|Win32
		{3816E6B2-FC7B-4846-987C-7F770357CE27}.Debug|ARM.ActiveCfg = Debug|ARM
		{3816E6B2-FC7B-4846-987C-7F770357CE27}.Debug|ARM.Build.0 = Debug|ARM
		{3816E6B2-FC7B-4846-987C-7F770357CE27}.Debug|x64.ActiveCfg = Debug|x64
		{3816E6B2-FC7B-4846-987C-7F770357CE27}.Debug|x86.ActiveCfg = Debug|x86
		{3816E6B2-FC7B-4846-987C-7F770357CE27}.Debug|x86.Build.0 = Debug|x86
		{3816E6B2-FC7B-4846-987C-7F770357CE27}.Release|ARM.ActiveCfg = Release|ARM
		{3816E6B2-FC7B-4846-987C-7F770357CE27}.Release|ARM.Build.0 = Release|ARM
		{3816E6B2-FC7B-4846-987C-7F770357CE27}.Release|x64.ActiveCfg = Release|x64
		{3816E6B2-FC7B-4846-987C-7F770357CE27}.Release|x64.Build.0 = Release|x64
		{3816E6B2-FC7B-4846-987C-7F770357CE27}.Release|x86.ActiveCfg = Release|x86
		{3816E6B2-FC7B-4846-987C-7F770357CE27}.Release|x86.Build.0 = Release|x86
	EndGlobalSection
	GlobalSection(SolutionProperties) = preSolution
		HideSolutionNode = FALSE
	EndGlobalSection
	GlobalSection(ExtensibilityGlobals) = postSolution
		SolutionGuid = {F7B3E71F-5EBB-4D56-AB29-D892735A4EBA}
	EndGlobalSection
EndGlobal
